
Microsoft Visual Studio Solution File, Format Version 11.00
# Visual Studio 2010
Project("{FAE04EC0-301F-11D3-BF4B-00C04F79EFBC}") = "Assembly-CSharp", "Assembly-CSharp.csproj", "{FBA26BB9-E81B-3B9F-235F-97AB1F8DD399}"
EndProject
Project("{FAE04EC0-301F-11D3-BF4B-00C04F79EFBC}") = "Assembly-CSharp-Editor", "Assembly-CSharp-Editor.csproj", "{B273CFE3-0505-EE3C-0084-0B643174DA2C}"
EndProject
Global
	GlobalSection(SolutionConfigurationPlatforms) = preSolution
		Debug|Any CPU = Debug|Any CPU
		Release|Any CPU = Release|Any CPU
	EndGlobalSection
	GlobalSection(ProjectConfigurationPlatforms) = postSolution
		{FBA26BB9-E81B-3B9F-235F-97AB1F8DD399}.Debug|Any CPU.ActiveCfg = Debug|Any CPU
		{FBA26BB9-E81B-3B9F-235F-97AB1F8DD399}.Debug|Any CPU.Build.0 = Debug|Any CPU
		{FBA26BB9-E81B-3B9F-235F-97AB1F8DD399}.Release|Any CPU.ActiveCfg = Release|Any CPU
		{FBA26BB9-E81B-3B9F-235F-97AB1F8DD399}.Release|Any CPU.Build.0 = Release|Any CPU
		{B273CFE3-0505-EE3C-0084-0B643174DA2C}.Debug|Any CPU.ActiveCfg = Debug|Any CPU
		{B273CFE3-0505-EE3C-0084-0B643174DA2C}.Debug|Any CPU.Build.0 = Debug|Any CPU
		{B273CFE3-0505-EE3C-0084-0B643174DA2C}.Release|Any CPU.ActiveCfg = Release|Any CPU
		{B273CFE3-0505-EE3C-0084-0B643174DA2C}.Release|Any CPU.Build.0 = Release|Any CPU
	EndGlobalSection
	GlobalSection(SolutionProperties) = preSolution
		HideSolutionNode = FALSE
	EndGlobalSection
	GlobalSection(MonoDevelopProperties) = preSolution
		StartupItem = Assembly-CSharp.csproj
	EndGlobalSection
EndGlobal
